
Microsoft Visual Studio Solution File, Format Version 12.00
# Visual Studio Version 16
VisualStudioVersion = 16.0.30128.74
MinimumVisualStudioVersion = 10.0.40219.1
Project("{FAE04EC0-301F-11D3-BF4B-00C04F79EFBC}") = "calculadora", "calculadora.csproj", "{15204F75-4274-422E-96E0-B3295BFCE21E}"
EndProject
Project("{FAE04EC0-301F-11D3-BF4B-00C04F79EFBC}") = "Logica Calculadora", "..\Logica Calculadora\Logica Calculadora.csproj", "{AA0A0EF8-1FCE-4045-B51F-D416BF6A7E90}"
EndProject
Global
	GlobalSection(SolutionConfigurationPlatforms) = preSolution
		Debug|Any CPU = Debug|Any CPU
		Release|Any CPU = Release|Any CPU
	EndGlobalSection
	GlobalSection(ProjectConfigurationPlatforms) = postSolution
		{15204F75-4274-422E-96E0-B3295BFCE21E}.Debug|Any CPU.ActiveCfg = Debug|Any CPU
		{15204F75-4274-422E-96E0-B3295BFCE21E}.Debug|Any CPU.Build.0 = Debug|Any CPU
		{15204F75-4274-422E-96E0-B3295BFCE21E}.Release|Any CPU.ActiveCfg = Release|Any CPU
		{15204F75-4274-422E-96E0-B3295BFCE21E}.Release|Any CPU.Build.0 = Release|Any CPU
		{AA0A0EF8-1FCE-4045-B51F-D416BF6A7E90}.Debug|Any CPU.ActiveCfg = Debug|Any CPU
		{AA0A0EF8-1FCE-4045-B51F-D416BF6A7E90}.Debug|Any CPU.Build.0 = Debug|Any CPU
		{AA0A0EF8-1FCE-4045-B51F-D416BF6A7E90}.Release|Any CPU.ActiveCfg = Release|Any CPU
		{AA0A0EF8-1FCE-4045-B51F-D416BF6A7E90}.Release|Any CPU.Build.0 = Release|Any CPU
	EndGlobalSection
	GlobalSection(SolutionProperties) = preSolution
		HideSolutionNode = FALSE
	EndGlobalSection
	GlobalSection(ExtensibilityGlobals) = postSolution
		SolutionGuid = {8E7CB719-2A51-49F7-ABD3-EDB4518DCC70}
	EndGlobalSection
EndGlobal
